dependencies:
  espressif/es7210:
    component_hash: 761ac59d31d8babb01f6338045cc877f2a75027bae9823a4e4d0b6e5b6f63faf
    dependencies:
    - name: idf
      require: private
      version: '>=4.4,<6.0'
    source:
      registry_url: https://components.espressif.com/
      type: service
    version: 1.0.1~1
  espressif/es8311:
    component_hash: 46b3117250344bb03f143d5e2becf81cfb111679fbd7b95cefc2d302d36cc393
    dependencies:
    - name: idf
      require: private
      version: '>=4.4,<6.0'
    source:
      registry_url: https://components.espressif.com/
      type: service
    version: 1.0.0~1
  espressif/esp32-camera:
    component_hash: b209707f12aff1683c5c9dfaff3fa60f0eca687f2bf74f133cdef68fbae86028
    dependencies:
    - name: espressif/esp_jpeg
      registry_url: https://components.espressif.com
      require: public
      version: ^1.3.0
    - name: idf
      require: private
      version: '>=5.1'
    source:
      registry_url: https://components.espressif.com/
      type: service
    version: 2.1.2
  espressif/esp_image_effects:
    component_hash: a35037db02862d3cef6f72c25f422ae62da6e6c88219ce03c9ea24e0315ceaaa
    dependencies:
    - name: idf
      require: private
      version: '>=5.0'
    source:
      registry_url: https://components.espressif.com/
      type: service
    version: 1.0.1
  espressif/esp_jpeg:
    component_hash: defb83669293cbf86d0fa86b475ba5517aceed04ed70db435388c151ab37b5d7
    dependencies:
    - name: idf
      require: private
      version: '>=5.0'
    source:
      registry_url: https://components.espressif.com
      type: service
    version: 1.3.1
  espressif/esp_lcd_touch:
    component_hash: 779b4ba2464a3ae85681e4b860caa5fdc35801458c23f3039ee761bae7f442a4
    dependencies:
    - name: idf
      require: private
      version: '>=4.4.2'
    source:
      registry_url: https://components.espressif.com/
      type: service
    version: 1.1.2
  espressif/esp_lcd_touch_ft5x06:
    component_hash: abaec05f46a793549b60afdda9eff86e3c8e87782c8c169007911232388d2858
    dependencies:
    - name: espressif/esp_lcd_touch
      registry_url: https://components.espressif.com
      require: public
      version: ^1.0.4
    - name: idf
      require: private
      version: '>=4.4.2'
    source:
      registry_url: https://components.espressif.com/
      type: service
    version: 1.0.7
  espressif/esp_lvgl_port:
    component_hash: e720c95cf0667554a204591bb5fade4655fb2990465557041200fa44b5bc7556
    dependencies:
    - name: idf
      require: private
      version: '>=4.4'
    - name: lvgl/lvgl
      registry_url: https://components.espressif.com
      require: public
      version: '>=8,<10'
    source:
      registry_url: https://components.espressif.com/
      type: service
    version: 2.6.0
  idf:
    source:
      type: idf
    version: 5.4.2
  lvgl/lvgl:
    component_hash: 948bff879a345149b83065535bbc4a026ce9f47498a22881e432a264b9098015
    dependencies: []
    source:
      registry_url: https://components.espressif.com/
      type: service
    version: 8.3.11
direct_dependencies:
- espressif/es7210
- espressif/es8311
- espressif/esp32-camera
- espressif/esp_image_effects
- espressif/esp_lcd_touch
- espressif/esp_lcd_touch_ft5x06
- espressif/esp_lvgl_port
- idf
- lvgl/lvgl
manifest_hash: d704e2b141fc1b59e1ab6225e1c4e4a06001e443d434e616ed9f6c110d8390ec
target: esp32s3
version: 2.0.0
